{
  "version": 4,
  "terraform_version": "1.14.6",
  "serial": 238,
  "lineage": "b813e376-957c-9e77-ff82-2eedb8a0d8ad",
  "outputs": {
    "arn": {
      "value": "arn:aws:elasticloadbalancing:eu-north-1:252380158250:loadbalancer/app/my-project-alb/cfd6215438f876fd",
      "type": "string"
    },
    "arn_suffix": {
      "value": "app/my-project-alb/cfd6215438f876fd",
      "type": "string"
    },
    "autoscaling_group_arn": {
      "value": "arn:aws:autoscaling:eu-north-1:252380158250:autoScalingGroup:76910b13-63b3-428f-bc5e-49a4dc9a6f5e:autoScalingGroupName/myasg-20260308201131945100000001",
      "type": "string"
    },
    "autoscaling_group_id": {
      "value": "myasg-20260308201131945100000001",
      "type": "string"
    },
    "autoscaling_group_name": {
      "value": "myasg-20260308201131945100000001",
      "type": "string"
    },
    "dns_name": {
      "value": "my-project-alb-832660897.eu-north-1.elb.amazonaws.com",
      "type": "string"
    },
    "id": {
      "value": "arn:aws:elasticloadbalancing:eu-north-1:252380158250:loadbalancer/app/my-project-alb/cfd6215438f876fd",
      "type": "string"
    },
    "launch_template_id": {
      "value": "lt-0eaf08a5a4e92c2a1",
      "type": "string"
    },
    "launch_template_latest_version": {
      "value": 2,
      "type": "number"
    },
    "listener_rules": {
      "value": {},
      "type": [
        "object",
        {}
      ],
      "sensitive": true
    },
    "listeners": {
      "value": {
        "my-https-listener": {
          "alpn_policy": null,
          "arn": "arn:aws:elasticloadbalancing:eu-north-1:252380158250:listener/app/my-project-alb/cfd6215438f876fd/232b39d898e6d2cf",
          "certificate_arn": null,
          "default_action": [
            {
              "authenticate_cognito": [],
              "authenticate_oidc": [],
              "fixed_response": [],
              "forward": [],
              "jwt_validation": [],
              "order": 1,
              "redirect": [],
              "target_group_arn": "arn:aws:elasticloadbalancing:eu-north-1:252380158250:targetgroup/mytg1-20260308195038759400000003/84c9d684bfe72e3a",
              "type": "forward"
            }
          ],
          "id": "arn:aws:elasticloadbalancing:eu-north-1:252380158250:listener/app/my-project-alb/cfd6215438f876fd/232b39d898e6d2cf",
          "load_balancer_arn": "arn:aws:elasticloadbalancing:eu-north-1:252380158250:loadbalancer/app/my-project-alb/cfd6215438f876fd",
          "mutual_authentication": [],
          "port": 80,
          "protocol": "HTTP",
          "region": "eu-north-1",
          "routing_http_request_x_amzn_mtls_clientcert_header_name": null,
          "routing_http_request_x_amzn_mtls_clientcert_issuer_header_name": null,
          "routing_http_request_x_amzn_mtls_clientcert_leaf_header_name": null,
          "routing_http_request_x_amzn_mtls_clientcert_serial_number_header_name": null,
          "routing_http_request_x_amzn_mtls_clientcert_subject_header_name": null,
          "routing_http_request_x_amzn_mtls_clientcert_validity_header_name": null,
          "routing_http_request_x_amzn_tls_cipher_suite_header_name": null,
          "routing_http_request_x_amzn_tls_version_header_name": null,
          "routing_http_response_access_control_allow_credentials_header_value": "",
          "routing_http_response_access_control_allow_headers_header_value": "",
          "routing_http_response_access_control_allow_methods_header_value": "",
          "routing_http_response_access_control_allow_origin_header_value": "",
          "routing_http_response_access_control_expose_headers_header_value": "",
          "routing_http_response_access_control_max_age_header_value": "",
          "routing_http_response_content_security_policy_header_value": "",
          "routing_http_response_server_enabled": true,
          "routing_http_response_strict_transport_security_header_value": "",
          "routing_http_response_x_content_type_options_header_value": "",
          "routing_http_response_x_frame_options_header_value": "",
          "ssl_policy": "",
          "tags": {
            "Environment": "Prod",
            "Name": "NLB-Example",
            "Terraform": "True"
          },
          "tags_all": {
            "Environment": "Prod",
            "Name": "NLB-Example",
            "Terraform": "True"
          },
          "tcp_idle_timeout_seconds": null,
          "timeouts": null
        }
      },
      "type": [
        "object",
        {
          "my-https-listener": [
            "object",
            {
              "alpn_policy": "string",
              "arn": "string",
              "certificate_arn": "string",
              "default_action": [
                "list",
                [
                  "object",
                  {
                    "authenticate_cognito": [
                      "list",
                      [
                        "object",
                        {
                          "authentication_request_extra_params": [
                            "map",
                            "string"
                          ],
                          "on_unauthenticated_request": "string",
                          "scope": "string",
                          "session_cookie_name": "string",
                          "session_timeout": "number",
                          "user_pool_arn": "string",
                          "user_pool_client_id": "string",
                          "user_pool_domain": "string"
                        }
                      ]
                    ],
                    "authenticate_oidc": [
                      "list",
                      [
                        "object",
                        {
                          "authentication_request_extra_params": [
                            "map",
                            "string"
                          ],
                          "authorization_endpoint": "string",
                          "client_id": "string",
                          "client_secret": "string",
                          "issuer": "string",
                          "on_unauthenticated_request": "string",
                          "scope": "string",
                          "session_cookie_name": "string",
                          "session_timeout": "number",
                          "token_endpoint": "string",
                          "user_info_endpoint": "string"
                        }
                      ]
                    ],
                    "fixed_response": [
                      "list",
                      [
                        "object",
                        {
                          "content_type": "string",
                          "message_body": "string",
                          "status_code": "string"
                        }
                      ]
                    ],
                    "forward": [
                      "list",
                      [
                        "object",
                        {
                          "stickiness": [
                            "list",
                            [
                              "object",
                              {
                                "duration": "number",
                                "enabled": "bool"
                              }
                            ]
                          ],
                          "target_group": [
                            "set",
                            [
                              "object",
                              {
                                "arn": "string",
                                "weight": "number"
                              }
                            ]
                          ]
                        }
                      ]
                    ],
                    "jwt_validation": [
                      "list",
                      [
                        "object",
                        {
                          "additional_claim": [
                            "set",
                            [
                              "object",
                              {
                                "format": "string",
                                "name": "string",
                                "values": [
                                  "set",
                                  "string"
                                ]
                              }
                            ]
                          ],
                          "issuer": "string",
                          "jwks_endpoint": "string"
                        }
                      ]
                    ],
                    "order": "number",
                    "redirect": [
                      "list",
                      [
                        "object",
                        {
                          "host": "string",
                          "path": "string",
                          "port": "string",
                          "protocol": "string",
                          "query": "string",
                          "status_code": "string"
                        }
                      ]
                    ],
                    "target_group_arn": "string",
                    "type": "string"
                  }
                ]
              ],
              "id": "string",
              "load_balancer_arn": "string",
              "mutual_authentication": [
                "list",
                [
                  "object",
                  {
                    "advertise_trust_store_ca_names": "string",
                    "ignore_client_certificate_expiry": "bool",
                    "mode": "string",
                    "trust_store_arn": "string"
                  }
                ]
              ],
              "port": "number",
              "protocol": "string",
              "region": "string",
              "routing_http_request_x_amzn_mtls_clientcert_header_name": "string",
              "routing_http_request_x_amzn_mtls_clientcert_issuer_header_name": "string",
              "routing_http_request_x_amzn_mtls_clientcert_leaf_header_name": "string",
              "routing_http_request_x_amzn_mtls_clientcert_serial_number_header_name": "string",
              "routing_http_request_x_amzn_mtls_clientcert_subject_header_name": "string",
              "routing_http_request_x_amzn_mtls_clientcert_validity_header_name": "string",
              "routing_http_request_x_amzn_tls_cipher_suite_header_name": "string",
              "routing_http_request_x_amzn_tls_version_header_name": "string",
              "routing_http_response_access_control_allow_credentials_header_value": "string",
              "routing_http_response_access_control_allow_headers_header_value": "string",
              "routing_http_response_access_control_allow_methods_header_value": "string",
              "routing_http_response_access_control_allow_origin_header_value": "string",
              "routing_http_response_access_control_expose_headers_header_value": "string",
              "routing_http_response_access_control_max_age_header_value": "string",
              "routing_http_response_content_security_policy_header_value": "string",
              "routing_http_response_server_enabled": "bool",
              "routing_http_response_strict_transport_security_header_value": "string",
              "routing_http_response_x_content_type_options_header_value": "string",
              "routing_http_response_x_frame_options_header_value": "string",
              "ssl_policy": "string",
              "tags": [
                "map",
                "string"
              ],
              "tags_all": [
                "map",
                "string"
              ],
              "tcp_idle_timeout_seconds": "number",
              "timeouts": [
                "object",
                {
                  "create": "string",
                  "update": "string"
                }
              ]
            }
          ]
        }
      ],
      "sensitive": true
    },
    "security_group_arn": {
      "value": "arn:aws:ec2:eu-north-1:252380158250:security-group/sg-0934769ef929c9bfc",
      "type": "string"
    },
    "target_groups": {
      "value": {
        "mytg1": {
          "arn": "arn:aws:elasticloadbalancing:eu-north-1:252380158250:targetgroup/mytg1-20260308195038759400000003/84c9d684bfe72e3a",
          "arn_suffix": "targetgroup/mytg1-20260308195038759400000003/84c9d684bfe72e3a",
          "connection_termination": null,
          "deregistration_delay": "300",
          "health_check": [
            {
              "enabled": true,
              "healthy_threshold": 3,
              "interval": 30,
              "matcher": "200-399",
              "path": "/",
              "port": "traffic-port",
              "protocol": "HTTPS",
              "timeout": 6,
              "unhealthy_threshold": 3
            }
          ],
          "id": "arn:aws:elasticloadbalancing:eu-north-1:252380158250:targetgroup/mytg1-20260308195038759400000003/84c9d684bfe72e3a",
          "ip_address_type": "ipv4",
          "lambda_multi_value_headers_enabled": false,
          "load_balancer_arns": [
            "arn:aws:elasticloadbalancing:eu-north-1:252380158250:loadbalancer/app/my-project-alb/cfd6215438f876fd"
          ],
          "load_balancing_algorithm_type": "round_robin",
          "load_balancing_anomaly_mitigation": "off",
          "load_balancing_cross_zone_enabled": "false",
          "name": "mytg1-20260308195038759400000003",
          "name_prefix": "mytg1-",
          "port": 443,
          "preserve_client_ip": null,
          "protocol": "HTTPS",
          "protocol_version": "HTTP1",
          "proxy_protocol_v2": false,
          "region": "eu-north-1",
          "slow_start": 0,
          "stickiness": [
            {
              "cookie_duration": 86400,
              "cookie_name": "",
              "enabled": false,
              "type": "lb_cookie"
            }
          ],
          "tags": {
            "Environment": "Prod",
            "Name": "NLB-Example",
            "Terraform": "True"
          },
          "tags_all": {
            "Environment": "Prod",
            "Name": "NLB-Example",
            "Terraform": "True"
          },
          "target_control_port": 0,
          "target_failover": [
            {
              "on_deregistration": null,
              "on_unhealthy": null
            }
          ],
          "target_group_health": [
            {
              "dns_failover": [
                {
                  "minimum_healthy_targets_count": "1",
                  "minimum_healthy_targets_percentage": "off"
                }
              ],
              "unhealthy_state_routing": [
                {
                  "minimum_healthy_targets_count": 1,
                  "minimum_healthy_targets_percentage": "off"
                }
              ]
            }
          ],
          "target_health_state": [
            {
              "enable_unhealthy_connection_termination": null,
              "unhealthy_draining_interval": null
            }
          ],
          "target_type": "instance",
          "vpc_id": "vpc-0efbc2931189af811"
        }
      },
      "type": [
        "object",
        {
          "mytg1": [
            "object",
            {
              "arn": "string",
              "arn_suffix": "string",
              "connection_termination": "bool",
              "deregistration_delay": "string",
              "health_check": [
                "list",
                [
                  "object",
                  {
                    "enabled": "bool",
                    "healthy_threshold": "number",
                    "interval": "number",
                    "matcher": "string",
                    "path": "string",
                    "port": "string",
                    "protocol": "string",
                    "timeout": "number",
                    "unhealthy_threshold": "number"
                  }
                ]
              ],
              "id": "string",
              "ip_address_type": "string",
              "lambda_multi_value_headers_enabled": "bool",
              "load_balancer_arns": [
                "set",
                "string"
              ],
              "load_balancing_algorithm_type": "string",
              "load_balancing_anomaly_mitigation": "string",
              "load_balancing_cross_zone_enabled": "string",
              "name": "string",
              "name_prefix": "string",
              "port": "number",
              "preserve_client_ip": "string",
              "protocol": "string",
              "protocol_version": "string",
              "proxy_protocol_v2": "bool",
              "region": "string",
              "slow_start": "number",
              "stickiness": [
                "list",
                [
                  "object",
                  {
                    "cookie_duration": "number",
                    "cookie_name": "string",
                    "enabled": "bool",
                    "type": "string"
                  }
                ]
              ],
              "tags": [
                "map",
                "string"
              ],
              "tags_all": [
                "map",
                "string"
              ],
              "target_control_port": "number",
              "target_failover": [
                "list",
                [
                  "object",
                  {
                    "on_deregistration": "string",
                    "on_unhealthy": "string"
                  }
                ]
              ],
              "target_group_health": [
                "list",
                [
                  "object",
                  {
                    "dns_failover": [
                      "list",
                      [
                        "object",
                        {
                          "minimum_healthy_targets_count": "string",
                          "minimum_healthy_targets_percentage": "string"
                        }
                      ]
                    ],
                    "unhealthy_state_routing": [
                      "list",
                      [
                        "object",
                        {
                          "minimum_healthy_targets_count": "number",
                          "minimum_healthy_targets_percentage": "string"
                        }
                      ]
                    ]
                  }
                ]
              ],
              "target_health_state": [
                "list",
                [
                  "object",
                  {
                    "enable_unhealthy_connection_termination": "bool",
                    "unhealthy_draining_interval": "number"
                  }
                ]
              ],
              "target_type": "string",
              "vpc_id": "string"
            }
          ]
        }
      ]
    },
    "zone_id": {
      "value": "Z23TAZ6LKFMNIO",
      "type": "string"
    }
  },
  "resources": [
    {
      "mode": "managed",
      "type": "aws_autoscaling_group",
      "name": "my_asg",
      "provider": "provider[\"registry.terraform.io/hashicorp/aws\"]",
      "instances": [
        {
          "schema_version": 1,
          "attributes": {
            "arn": "arn:aws:autoscaling:eu-north-1:252380158250:autoScalingGroup:76910b13-63b3-428f-bc5e-49a4dc9a6f5e:autoScalingGroupName/myasg-20260308201131945100000001",
            "availability_zone_distribution": [
              {
                "capacity_distribution_strategy": "balanced-best-effort"
              }
            ],
            "availability_zones": [
              "eu-north-1a",
              "eu-north-1b"
            ],
            "capacity_rebalance": false,
            "capacity_reservation_specification": [
              {
                "capacity_reservation_preference": "default",
                "capacity_reservation_target": []
              }
            ],
            "context": "",
            "default_cooldown": 300,
            "default_instance_warmup": 0,
            "desired_capacity": 2,
            "desired_capacity_type": "",
            "enabled_metrics": [],
            "force_delete": false,
            "force_delete_warm_pool": false,
            "health_check_grace_period": 300,
            "health_check_type": "EC2",
            "id": "myasg-20260308201131945100000001",
            "ignore_failed_scaling_activities": false,
            "initial_lifecycle_hook": [],
            "instance_maintenance_policy": [],
            "instance_refresh": [
              {
                "preferences": [
                  {
                    "alarm_specification": [],
                    "auto_rollback": false,
                    "checkpoint_delay": "",
                    "checkpoint_percentages": [],
                    "instance_warmup": "",
                    "max_healthy_percentage": 100,
                    "min_healthy_percentage": 50,
                    "scale_in_protected_instances": "Ignore",
                    "skip_matching": false,
                    "standby_instances": "Ignore"
                  }
                ],
                "strategy": "Rolling",
                "triggers": [
                  "desired_capacity"
                ]
              }
            ],
            "launch_configuration": "",
            "launch_template": [
              {
                "id": "lt-0eaf08a5a4e92c2a1",
                "name": "my_launch_template",
                "version": "2"
              }
            ],
            "load_balancers": [],
            "max_instance_lifetime": 0,
            "max_size": 3,
            "metrics_granularity": "1Minute",
            "min_elb_capacity": null,
            "min_size": 2,
            "mixed_instances_policy": [],
            "name": "myasg-20260308201131945100000001",
            "name_prefix": "myasg-",
            "placement_group": "",
            "predicted_capacity": 0,
            "protect_from_scale_in": false,
            "region": "eu-north-1",
            "service_linked_role_arn": "arn:aws:iam::252380158250:role/aws-service-role/autoscaling.amazonaws.com/AWSServiceRoleForAutoScaling",
            "suspended_processes": [],
            "tag": [
              {
                "key": "Owners",
                "propagate_at_launch": true,
                "value": "Moshe"
              }
            ],
            "target_group_arns": [
              "arn:aws:elasticloadbalancing:eu-north-1:252380158250:targetgroup/mytg1-20260308195038759400000003/84c9d684bfe72e3a"
            ],
            "termination_policies": [],
            "timeouts": null,
            "traffic_source": [
              {
                "identifier": "arn:aws:elasticloadbalancing:eu-north-1:252380158250:targetgroup/mytg1-20260308195038759400000003/84c9d684bfe72e3a",
                "type": "elbv2"
              }
            ],
            "vpc_zone_identifier": [
              "subnet-0756c4b9bfcf5ae52",
              "subnet-0e7a75daa2d4ff71e"
            ],
            "wait_for_capacity_timeout": "10m",
            "wait_for_elb_capacity": null,
            "warm_pool": [],
            "warm_pool_size": 0
          },
          "sensitive_attributes": [],
          "identity_schema_version": 0,
          "private": "eyJlMmJmYjczMC1lY2FhLTExZTYtOGY4OC0zNDM2M2JjN2M0YzAiOnsiZGVsZXRlIjo2MDAwMDAwMDAwMDAsInVwZGF0ZSI6NjAwMDAwMDAwMDAwfSwic2NoZW1hX3ZlcnNpb24iOiIxIn0=",
          "dependencies": [
            "aws_launch_template.my_launch_template",
            "module.alb.aws_lb_target_group.this",
            "module.vpc.aws_subnet.this",
            "module.vpc.aws_vpc.this",
            "module.vpc.data.aws_availability_zones.available"
          ]
        }
      ]
    },
    {
      "mode": "managed",
      "type": "aws_autoscaling_policy",
      "name": "alb_target_requests_greater_than_yy",
      "provider": "provider[\"registry.terraform.io/hashicorp/aws\"]",
      "instances": [
        {
          "schema_version": 0,
          "attributes": {
            "adjustment_type": "",
            "arn": "arn:aws:autoscaling:eu-north-1:252380158250:scalingPolicy:a2f1dc5a-1418-43c4-bb15-cd4958572eb3:autoScalingGroupName/myasg-20260308201131945100000001:policyName/alb-target-requests-greater-than-yy",
            "autoscaling_group_name": "myasg-20260308201131945100000001",
            "cooldown": 0,
            "enabled": true,
            "estimated_instance_warmup": 120,
            "id": "alb-target-requests-greater-than-yy",
            "metric_aggregation_type": "",
            "min_adjustment_magnitude": 0,
            "name": "alb-target-requests-greater-than-yy",
            "policy_type": "TargetTrackingScaling",
            "predictive_scaling_configuration": [],
            "region": "eu-north-1",
            "scaling_adjustment": 0,
            "step_adjustment": [],
            "target_tracking_configuration": [
              {
                "customized_metric_specification": [],
                "disable_scale_in": false,
                "predefined_metric_specification": [
                  {
                    "predefined_metric_type": "ALBRequestCountPerTarget",
                    "resource_label": "app/my-project-alb/cfd6215438f876fd/targetgroup/mytg1-20260308195038759400000003/84c9d684bfe72e3a"
                  }
                ],
                "target_value": 10
              }
            ]
          },
          "sensitive_attributes": [],
          "identity_schema_version": 0,
          "private": "bnVsbA==",
          "dependencies": [
            "aws_autoscaling_group.my_asg",
            "aws_launch_template.my_launch_template",
            "module.alb.aws_lb.this",
            "module.alb.aws_lb_target_group.this",
            "module.alb.aws_security_group.this",
            "module.vpc.aws_subnet.this",
            "module.vpc.aws_vpc.this",
            "module.vpc.data.aws_availability_zones.available"
          ]
        }
      ]
    },
    {
      "mode": "managed",
      "type": "aws_autoscaling_policy",
      "name": "avg_cpu_policy_greater_than_50",
      "provider": "provider[\"registry.terraform.io/hashicorp/aws\"]",
      "instances": [
        {
          "schema_version": 0,
          "attributes": {
            "adjustment_type": "",
            "arn": "arn:aws:autoscaling:eu-north-1:252380158250:scalingPolicy:f391761e-5875-4235-9b73-b96e34ff2b67:autoScalingGroupName/myasg-20260308201131945100000001:policyName/avg-cpu-policy-greater-than-50",
            "autoscaling_group_name": "myasg-20260308201131945100000001",
            "cooldown": 0,
            "enabled": true,
            "estimated_instance_warmup": 180,
            "id": "avg-cpu-policy-greater-than-50",
            "metric_aggregation_type": "",
            "min_adjustment_magnitude": 0,
            "name": "avg-cpu-policy-greater-than-50",
            "policy_type": "TargetTrackingScaling",
            "predictive_scaling_configuration": [],
            "region": "eu-north-1",
            "scaling_adjustment": 0,
            "step_adjustment": [],
            "target_tracking_configuration": [
              {
                "customized_metric_specification": [],
                "disable_scale_in": false,
                "predefined_metric_specification": [
                  {
                    "predefined_metric_type": "ASGAverageCPUUtilization",
                    "resource_label": ""
                  }
                ],
                "target_value": 50
              }
            ]
          },
          "sensitive_attributes": [],
          "identity_schema_version": 0,
          "private": "bnVsbA==",
          "dependencies": [
            "aws_autoscaling_group.my_asg",
            "aws_launch_template.my_launch_template",
            "module.alb.aws_lb_target_group.this",
            "module.vpc.aws_subnet.this",
            "module.vpc.aws_vpc.this",
            "module.vpc.data.aws_availability_zones.available"
          ]
        }
      ]
    },
    {
      "mode": "managed",
      "type": "aws_launch_template",
      "name": "my_launch_template",
      "provider": "provider[\"registry.terraform.io/hashicorp/aws\"]",
      "instances": [
        {
          "schema_version": 1,
          "attributes": {
            "arn": "arn:aws:ec2:eu-north-1:252380158250:launch-template/lt-0eaf08a5a4e92c2a1",
            "block_device_mappings": [
              {
                "device_name": "/dev/sda1",
                "ebs": [
                  {
                    "delete_on_termination": "true",
                    "encrypted": "",
                    "iops": 0,
                    "kms_key_id": "",
                    "snapshot_id": "",
                    "throughput": 0,
                    "volume_initialization_rate": 0,
                    "volume_size": 10,
                    "volume_type": "gp2"
                  }
                ],
                "no_device": "",
                "virtual_name": ""
              }
            ],
            "capacity_reservation_specification": [],
            "cpu_options": [],
            "credit_specification": [],
            "default_version": 2,
            "description": "My lauch template",
            "disable_api_stop": false,
            "disable_api_termination": false,
            "ebs_optimized": "true",
            "enclave_options": [],
            "hibernation_options": [],
            "iam_instance_profile": [],
            "id": "lt-0eaf08a5a4e92c2a1",
            "image_id": "ami-03d1d24d942df7614",
            "instance_initiated_shutdown_behavior": "",
            "instance_market_options": [],
            "instance_requirements": [],
            "instance_type": "t3.micro",
            "kernel_id": "",
            "key_name": "terraform-key",
            "latest_version": 2,
            "license_specification": [],
            "maintenance_options": [],
            "metadata_options": [],
            "monitoring": [
              {
                "enabled": true
              }
            ],
            "name": "my_launch_template",
            "name_prefix": "",
            "network_interfaces": [],
            "network_performance_options": [],
            "placement": [],
            "private_dns_name_options": [],
            "ram_disk_id": "",
            "region": "eu-north-1",
            "secondary_interfaces": [],
            "security_group_names": [],
            "tag_specifications": [
              {
                "resource_type": "instance",
                "tags": {
                  "Name": "myasg"
                }
              }
            ],
            "tags": {},
            "tags_all": {},
            "update_default_version": true,
            "user_data": "IyEgL2Jpbi9iYXNoCiMgSW5zdGFuY2UgSWRlbnRpdHkgTWV0YWRhdGEgUmVmZXJlbmNlIC0gaHR0cHM6Ly9kb2NzLmF3cy5hbWF6b24uY29tL0FXU0VDMi9sYXRlc3QvVXNlckd1aWRlL2luc3RhbmNlLWlkZW50aXR5LWRvY3VtZW50cy5odG1sCnN1ZG8geXVtIHVwZGF0ZSAteQpzdWRvIHl1bSBpbnN0YWxsIC15IGh0dHBkCnN1ZG8gc3lzdGVtY3RsIGVuYWJsZSBodHRwZApzdWRvIHNlcnZpY2UgaHR0cGQgc3RhcnQgIApzdWRvIGVjaG8gJzxoMT5XZWxjb21lIHRvIFN0YWNrU2ltcGxpZnkgLSBBUFAtMTwvaDE+JyB8IHN1ZG8gdGVlIC92YXIvd3d3L2h0bWwvaW5kZXguaHRtbApzdWRvIG1rZGlyIC92YXIvd3d3L2h0bWwvYXBwMQpzdWRvIGVjaG8gJzwhRE9DVFlQRSBodG1sPiA8aHRtbD4gPGJvZHkgc3R5bGU9ImJhY2tncm91bmQtY29sb3I6cmdiKDI1MCwgMjEwLCAyMTApOyI+IDxoMT5XZWxjb21lIHRvIFN0YWNrIFNpbXBsaWZ5IC0gQVBQLTE8L2gxPiA8cD5UZXJyYWZvcm0gRGVtbzwvcD4gPHA+QXBwbGljYXRpb24gVmVyc2lvbjogVjE8L3A+IDwvYm9keT48L2h0bWw+JyB8IHN1ZG8gdGVlIC92YXIvd3d3L2h0bWwvYXBwMS9pbmRleC5odG1sCiNzdWRvIGN1cmwgaHR0cDovLzE2OS4yNTQuMTY5LjI1NC9sYXRlc3QvZHluYW1pYy9pbnN0YW5jZS1pZGVudGl0eS9kb2N1bWVudCAtbyAvdmFyL3d3dy9odG1sL2FwcDEvbWV0YWRhdGEuaHRtbApUT0tFTj1gY3VybCAtWCBQVVQgImh0dHA6Ly8xNjkuMjU0LjE2OS4yNTQvbGF0ZXN0L2FwaS90b2tlbiIgLUggIlgtYXdzLWVjMi1tZXRhZGF0YS10b2tlbi10dGwtc2Vjb25kczogMjE2MDAiYApzdWRvIGN1cmwgLUggIlgtYXdzLWVjMi1tZXRhZGF0YS10b2tlbjogJFRPS0VOIiBodHRwOi8vMTY5LjI1NC4xNjkuMjU0L2xhdGVzdC9keW5hbWljL2luc3RhbmNlLWlkZW50aXR5L2RvY3VtZW50IC1vIC92YXIvd3d3L2h0bWwvYXBwMS9tZXRhZGF0YS5odG1sCiMgQVdTIERvY3VtZW50YXRpb24gdG8gcmV0cmlldmUgRUMyIEluc3RhbmNlIERhdGEKIyBodHRwczovL2RvY3MuYXdzLmFtYXpvbi5jb20vQVdTRUMyL2xhdGVzdC9Vc2VyR3VpZGUvaW5zdGFuY2VkYXRhLWRhdGEtcmV0cmlldmFsLmh0bWw=",
            "vpc_security_group_ids": [
              "sg-03b37b54442426bc8"
            ]
          },
          "sensitive_attributes": [],
          "identity_schema_version": 0,
          "private": "eyJzY2hlbWFfdmVyc2lvbiI6IjEifQ=="
        }
      ]
    },
    {
      "mode": "managed",
      "type": "aws_security_group",
      "name": "ec2_sg",
      "provider": "provider[\"registry.terraform.io/hashicorp/aws\"]",
      "instances": [
        {
          "schema_version": 1,
          "attributes": {
            "arn": "arn:aws:ec2:eu-north-1:252380158250:security-group/sg-03b37b54442426bc8",
            "description": "Managed by Terraform",
            "egress": [],
            "id": "sg-03b37b54442426bc8",
            "ingress": [
              {
                "cidr_blocks": [
                  "0.0.0.0/0"
                ],
                "description": "",
                "from_port": 443,
                "ipv6_cidr_blocks": [],
                "prefix_list_ids": [],
                "protocol": "tcp",
                "security_groups": [],
                "self": false,
                "to_port": 443
              },
              {
                "cidr_blocks": [],
                "description": "",
                "from_port": 443,
                "ipv6_cidr_blocks": [],
                "prefix_list_ids": [],
                "protocol": "tcp",
                "security_groups": [
                  "sg-0934769ef929c9bfc"
                ],
                "self": false,
                "to_port": 443
              }
            ],
            "name": "ec2_sg",
            "name_prefix": "",
            "owner_id": "252380158250",
            "region": "eu-north-1",
            "revoke_rules_on_delete": false,
            "tags": {
              "Name": "ec2_sg"
            },
            "tags_all": {
              "Name": "ec2_sg"
            },
            "timeouts": null,
            "vpc_id": "vpc-0efbc2931189af811"
          },
          "sensitive_attributes": [],
          "identity_schema_version": 0,
          "identity": {
            "account_id": "252380158250",
            "id": "sg-03b37b54442426bc8",
            "region": "eu-north-1"
          },
          "private": "eyJlMmJmYjczMC1lY2FhLTExZTYtOGY4OC0zNDM2M2JjN2M0YzAiOnsiY3JlYXRlIjo2MDAwMDAwMDAwMDAsImRlbGV0ZSI6OTAwMDAwMDAwMDAwfSwic2NoZW1hX3ZlcnNpb24iOiIxIn0=",
          "dependencies": [
            "module.alb.aws_security_group.this",
            "module.vpc.aws_vpc.this"
          ]
        }
      ]
    },
    {
      "module": "module.alb",
      "mode": "data",
      "type": "aws_partition",
      "name": "current",
      "provider": "provider[\"registry.terraform.io/hashicorp/aws\"]",
      "instances": [
        {
          "index_key": 0,
          "schema_version": 0,
          "attributes": {
            "dns_suffix": "amazonaws.com",
            "id": "aws",
            "partition": "aws",
            "reverse_dns_prefix": "com.amazonaws"
          },
          "sensitive_attributes": [],
          "identity_schema_version": 0
        }
      ]
    },
    {
      "module": "module.alb",
      "mode": "managed",
      "type": "aws_lb",
      "name": "this",
      "provider": "provider[\"registry.terraform.io/hashicorp/aws\"]",
      "instances": [
        {
          "index_key": 0,
          "schema_version": 0,
          "attributes": {
            "access_logs": [
              {
                "bucket": "",
                "enabled": false,
                "prefix": ""
              }
            ],
            "arn": "arn:aws:elasticloadbalancing:eu-north-1:252380158250:loadbalancer/app/my-project-alb/cfd6215438f876fd",
            "arn_suffix": "app/my-project-alb/cfd6215438f876fd",
            "client_keep_alive": 3600,
            "connection_logs": [
              {
                "bucket": "",
                "enabled": false,
                "prefix": ""
              }
            ],
            "customer_owned_ipv4_pool": "",
            "desync_mitigation_mode": "defensive",
            "dns_name": "my-project-alb-832660897.eu-north-1.elb.amazonaws.com",
            "dns_record_client_routing_policy": null,
            "drop_invalid_header_fields": true,
            "enable_cross_zone_load_balancing": true,
            "enable_deletion_protection": false,
            "enable_http2": true,
            "enable_tls_version_and_cipher_suite_headers": false,
            "enable_waf_fail_open": false,
            "enable_xff_client_port": false,
            "enable_zonal_shift": false,
            "enforce_security_group_inbound_rules_on_private_link_traffic": "",
            "health_check_logs": [
              {
                "bucket": "",
                "enabled": false,
                "prefix": ""
              }
            ],
            "id": "arn:aws:elasticloadbalancing:eu-north-1:252380158250:loadbalancer/app/my-project-alb/cfd6215438f876fd",
            "idle_timeout": 60,
            "internal": false,
            "ip_address_type": "ipv4",
            "ipam_pools": [],
            "load_balancer_type": "application",
            "minimum_load_balancer_capacity": [],
            "name": "my-project-alb",
            "name_prefix": "",
            "preserve_host_header": false,
            "region": "eu-north-1",
            "secondary_ips_auto_assigned_per_subnet": null,
            "security_groups": [
              "sg-0934769ef929c9bfc"
            ],
            "subnet_mapping": [
              {
                "allocation_id": "",
                "ipv6_address": "",
                "outpost_id": "",
                "private_ipv4_address": "",
                "subnet_id": "subnet-0756c4b9bfcf5ae52"
              },
              {
                "allocation_id": "",
                "ipv6_address": "",
                "outpost_id": "",
                "private_ipv4_address": "",
                "subnet_id": "subnet-0e7a75daa2d4ff71e"
              }
            ],
            "subnets": [
              "subnet-0756c4b9bfcf5ae52",
              "subnet-0e7a75daa2d4ff71e"
            ],
            "tags": {
              "Environment": "Prod",
              "Name": "NLB-Example",
              "Terraform": "True"
            },
            "tags_all": {
              "Environment": "Prod",
              "Name": "NLB-Example",
              "Terraform": "True"
            },
            "timeouts": null,
            "vpc_id": "vpc-0efbc2931189af811",
            "xff_header_processing_mode": "append",
            "zone_id": "Z23TAZ6LKFMNIO"
          },
          "sensitive_attributes": [],
          "identity_schema_version": 0,
          "identity": {
            "arn": "arn:aws:elasticloadbalancing:eu-north-1:252380158250:loadbalancer/app/my-project-alb/cfd6215438f876fd"
          },
          "private": "eyJlMmJmYjczMC1lY2FhLTExZTYtOGY4OC0zNDM2M2JjN2M0YzAiOnsiY3JlYXRlIjo2MDAwMDAwMDAwMDAsImRlbGV0ZSI6NjAwMDAwMDAwMDAwLCJ1cGRhdGUiOjYwMDAwMDAwMDAwMH19",
          "dependencies": [
            "module.alb.aws_security_group.this",
            "module.vpc.aws_subnet.this",
            "module.vpc.aws_vpc.this",
            "module.vpc.data.aws_availability_zones.available"
          ]
        }
      ]
    },
    {
      "module": "module.alb",
      "mode": "managed",
      "type": "aws_lb_listener",
      "name": "this",
      "provider": "provider[\"registry.terraform.io/hashicorp/aws\"]",
      "instances": [
        {
          "index_key": "my-https-listener",
          "schema_version": 0,
          "attributes": {
            "alpn_policy": null,
            "arn": "arn:aws:elasticloadbalancing:eu-north-1:252380158250:listener/app/my-project-alb/cfd6215438f876fd/232b39d898e6d2cf",
            "certificate_arn": null,
            "default_action": [
              {
                "authenticate_cognito": [],
                "authenticate_oidc": [],
                "fixed_response": [],
                "forward": [],
                "jwt_validation": [],
                "order": 1,
                "redirect": [],
                "target_group_arn": "arn:aws:elasticloadbalancing:eu-north-1:252380158250:targetgroup/mytg1-20260308195038759400000003/84c9d684bfe72e3a",
                "type": "forward"
              }
            ],
            "id": "arn:aws:elasticloadbalancing:eu-north-1:252380158250:listener/app/my-project-alb/cfd6215438f876fd/232b39d898e6d2cf",
            "load_balancer_arn": "arn:aws:elasticloadbalancing:eu-north-1:252380158250:loadbalancer/app/my-project-alb/cfd6215438f876fd",
            "mutual_authentication": [],
            "port": 80,
            "protocol": "HTTP",
            "region": "eu-north-1",
            "routing_http_request_x_amzn_mtls_clientcert_header_name": null,
            "routing_http_request_x_amzn_mtls_clientcert_issuer_header_name": null,
            "routing_http_request_x_amzn_mtls_clientcert_leaf_header_name": null,
            "routing_http_request_x_amzn_mtls_clientcert_serial_number_header_name": null,
            "routing_http_request_x_amzn_mtls_clientcert_subject_header_name": null,
            "routing_http_request_x_amzn_mtls_clientcert_validity_header_name": null,
            "routing_http_request_x_amzn_tls_cipher_suite_header_name": null,
            "routing_http_request_x_amzn_tls_version_header_name": null,
            "routing_http_response_access_control_allow_credentials_header_value": "",
            "routing_http_response_access_control_allow_headers_header_value": "",
            "routing_http_response_access_control_allow_methods_header_value": "",
            "routing_http_response_access_control_allow_origin_header_value": "",
            "routing_http_response_access_control_expose_headers_header_value": "",
            "routing_http_response_access_control_max_age_header_value": "",
            "routing_http_response_content_security_policy_header_value": "",
            "routing_http_response_server_enabled": true,
            "routing_http_response_strict_transport_security_header_value": "",
            "routing_http_response_x_content_type_options_header_value": "",
            "routing_http_response_x_frame_options_header_value": "",
            "ssl_policy": "",
            "tags": {
              "Environment": "Prod",
              "Name": "NLB-Example",
              "Terraform": "True"
            },
            "tags_all": {
              "Environment": "Prod",
              "Name": "NLB-Example",
              "Terraform": "True"
            },
            "tcp_idle_timeout_seconds": null,
            "timeouts": null
          },
          "sensitive_attributes": [],
          "identity_schema_version": 0,
          "identity": {
            "arn": "arn:aws:elasticloadbalancing:eu-north-1:252380158250:listener/app/my-project-alb/cfd6215438f876fd/232b39d898e6d2cf"
          },
          "private": "eyJlMmJmYjczMC1lY2FhLTExZTYtOGY4OC0zNDM2M2JjN2M0YzAiOnsiY3JlYXRlIjozMDAwMDAwMDAwMDAsInVwZGF0ZSI6MzAwMDAwMDAwMDAwfX0=",
          "dependencies": [
            "module.alb.aws_lb.this",
            "module.alb.aws_lb_target_group.this",
            "module.alb.aws_security_group.this",
            "module.vpc.aws_subnet.this",
            "module.vpc.aws_vpc.this",
            "module.vpc.data.aws_availability_zones.available"
          ]
        }
      ]
    },
    {
      "module": "module.alb",
      "mode": "managed",
      "type": "aws_lb_target_group",
      "name": "this",
      "provider": "provider[\"registry.terraform.io/hashicorp/aws\"]",
      "instances": [
        {
          "index_key": "mytg1",
          "schema_version": 0,
          "attributes": {
            "arn": "arn:aws:elasticloadbalancing:eu-north-1:252380158250:targetgroup/mytg1-20260308195038759400000003/84c9d684bfe72e3a",
            "arn_suffix": "targetgroup/mytg1-20260308195038759400000003/84c9d684bfe72e3a",
            "connection_termination": null,
            "deregistration_delay": "300",
            "health_check": [
              {
                "enabled": true,
                "healthy_threshold": 3,
                "interval": 30,
                "matcher": "200-399",
                "path": "/",
                "port": "traffic-port",
                "protocol": "HTTPS",
                "timeout": 6,
                "unhealthy_threshold": 3
              }
            ],
            "id": "arn:aws:elasticloadbalancing:eu-north-1:252380158250:targetgroup/mytg1-20260308195038759400000003/84c9d684bfe72e3a",
            "ip_address_type": "ipv4",
            "lambda_multi_value_headers_enabled": false,
            "load_balancer_arns": [
              "arn:aws:elasticloadbalancing:eu-north-1:252380158250:loadbalancer/app/my-project-alb/cfd6215438f876fd"
            ],
            "load_balancing_algorithm_type": "round_robin",
            "load_balancing_anomaly_mitigation": "off",
            "load_balancing_cross_zone_enabled": "false",
            "name": "mytg1-20260308195038759400000003",
            "name_prefix": "mytg1-",
            "port": 443,
            "preserve_client_ip": null,
            "protocol": "HTTPS",
            "protocol_version": "HTTP1",
            "proxy_protocol_v2": false,
            "region": "eu-north-1",
            "slow_start": 0,
            "stickiness": [
              {
                "cookie_duration": 86400,
                "cookie_name": "",
                "enabled": false,
                "type": "lb_cookie"
              }
            ],
            "tags": {
              "Environment": "Prod",
              "Name": "NLB-Example",
              "Terraform": "True"
            },
            "tags_all": {
              "Environment": "Prod",
              "Name": "NLB-Example",
              "Terraform": "True"
            },
            "target_control_port": 0,
            "target_failover": [
              {
                "on_deregistration": null,
                "on_unhealthy": null
              }
            ],
            "target_group_health": [
              {
                "dns_failover": [
                  {
                    "minimum_healthy_targets_count": "1",
                    "minimum_healthy_targets_percentage": "off"
                  }
                ],
                "unhealthy_state_routing": [
                  {
                    "minimum_healthy_targets_count": 1,
                    "minimum_healthy_targets_percentage": "off"
                  }
                ]
              }
            ],
            "target_health_state": [
              {
                "enable_unhealthy_connection_termination": null,
                "unhealthy_draining_interval": null
              }
            ],
            "target_type": "instance",
            "vpc_id": "vpc-0efbc2931189af811"
          },
          "sensitive_attributes": [],
          "identity_schema_version": 0,
          "identity": {
            "arn": "arn:aws:elasticloadbalancing:eu-north-1:252380158250:targetgroup/mytg1-20260308195038759400000003/84c9d684bfe72e3a"
          },
          "private": "bnVsbA==",
          "dependencies": [
            "module.vpc.aws_vpc.this"
          ],
          "create_before_destroy": true
        }
      ]
    },
    {
      "module": "module.alb",
      "mode": "managed",
      "type": "aws_security_group",
      "name": "this",
      "provider": "provider[\"registry.terraform.io/hashicorp/aws\"]",
      "instances": [
        {
          "index_key": 0,
          "schema_version": 1,
          "attributes": {
            "arn": "arn:aws:ec2:eu-north-1:252380158250:security-group/sg-0934769ef929c9bfc",
            "description": "Security group for my-project-alb application load balancer",
            "egress": [
              {
                "cidr_blocks": [
                  "10.0.0.0/16"
                ],
                "description": "Allow ALB to route traffic to VPC",
                "from_port": 0,
                "ipv6_cidr_blocks": [],
                "prefix_list_ids": [],
                "protocol": "-1",
                "security_groups": [],
                "self": false,
                "to_port": 0
              }
            ],
            "id": "sg-0934769ef929c9bfc",
            "ingress": [
              {
                "cidr_blocks": [
                  "0.0.0.0/0"
                ],
                "description": "HTTP web traffic from the internet",
                "from_port": 80,
                "ipv6_cidr_blocks": [],
                "prefix_list_ids": [],
                "protocol": "tcp",
                "security_groups": [],
                "self": false,
                "to_port": 80
              },
              {
                "cidr_blocks": [
                  "0.0.0.0/0"
                ],
                "description": "HTTPS web traffic from the internet",
                "from_port": 443,
                "ipv6_cidr_blocks": [],
                "prefix_list_ids": [],
                "protocol": "tcp",
                "security_groups": [],
                "self": false,
                "to_port": 443
              }
            ],
            "name": "my-project-alb-20260308195038745000000002",
            "name_prefix": "my-project-alb-",
            "owner_id": "252380158250",
            "region": "eu-north-1",
            "revoke_rules_on_delete": false,
            "tags": {
              "Environment": "Prod",
              "Name": "NLB-Example",
              "Terraform": "True"
            },
            "tags_all": {
              "Environment": "Prod",
              "Name": "NLB-Example",
              "Terraform": "True"
            },
            "timeouts": null,
            "vpc_id": "vpc-0efbc2931189af811"
          },
          "sensitive_attributes": [],
          "identity_schema_version": 0,
          "identity": {
            "account_id": "252380158250",
            "id": "sg-0934769ef929c9bfc",
            "region": "eu-north-1"
          },
          "private": "eyJlMmJmYjczMC1lY2FhLTExZTYtOGY4OC0zNDM2M2JjN2M0YzAiOnsiY3JlYXRlIjo2MDAwMDAwMDAwMDAsImRlbGV0ZSI6OTAwMDAwMDAwMDAwfSwic2NoZW1hX3ZlcnNpb24iOiIxIn0=",
          "dependencies": [
            "module.vpc.aws_vpc.this"
          ],
          "create_before_destroy": true
        }
      ]
    },
    {
      "module": "module.alb",
      "mode": "managed",
      "type": "aws_vpc_security_group_egress_rule",
      "name": "this",
      "provider": "provider[\"registry.terraform.io/hashicorp/aws\"]",
      "instances": [
        {
          "index_key": "allow_vpc_outbound",
          "schema_version": 0,
          "attributes": {
            "arn": "arn:aws:ec2:eu-north-1:252380158250:security-group-rule/sgr-01d37c68aca986808",
            "cidr_ipv4": "10.0.0.0/16",
            "cidr_ipv6": null,
            "description": "Allow ALB to route traffic to VPC",
            "from_port": null,
            "id": "sgr-01d37c68aca986808",
            "ip_protocol": "-1",
            "prefix_list_id": null,
            "referenced_security_group_id": null,
            "region": "eu-north-1",
            "security_group_id": "sg-0934769ef929c9bfc",
            "security_group_rule_id": "sgr-01d37c68aca986808",
            "tags": {
              "Environment": "Prod",
              "Name": "my-project-alb-allow_vpc_outbound",
              "Terraform": "True"
            },
            "tags_all": {
              "Environment": "Prod",
              "Name": "my-project-alb-allow_vpc_outbound",
              "Terraform": "True"
            },
            "to_port": null
          },
          "sensitive_attributes": [],
          "identity_schema_version": 0,
          "identity": {
            "account_id": "252380158250",
            "id": "sgr-01d37c68aca986808",
            "region": "eu-north-1"
          },
          "dependencies": [
            "module.alb.aws_security_group.this",
            "module.vpc.aws_vpc.this"
          ]
        }
      ]
    },
    {
      "module": "module.alb",
      "mode": "managed",
      "type": "aws_vpc_security_group_ingress_rule",
      "name": "this",
      "provider": "provider[\"registry.terraform.io/hashicorp/aws\"]",
      "instances": [
        {
          "index_key": "allow_http",
          "schema_version": 0,
          "attributes": {
            "arn": "arn:aws:ec2:eu-north-1:252380158250:security-group-rule/sgr-0ca60a7d34b820873",
            "cidr_ipv4": "0.0.0.0/0",
            "cidr_ipv6": null,
            "description": "HTTP web traffic from the internet",
            "from_port": 80,
            "id": "sgr-0ca60a7d34b820873",
            "ip_protocol": "tcp",
            "prefix_list_id": null,
            "referenced_security_group_id": null,
            "region": "eu-north-1",
            "security_group_id": "sg-0934769ef929c9bfc",
            "security_group_rule_id": "sgr-0ca60a7d34b820873",
            "tags": {
              "Environment": "Prod",
              "Name": "my-project-alb-allow_http",
              "Terraform": "True"
            },
            "tags_all": {
              "Environment": "Prod",
              "Name": "my-project-alb-allow_http",
              "Terraform": "True"
            },
            "to_port": 80
          },
          "sensitive_attributes": [],
          "identity_schema_version": 0,
          "identity": {
            "account_id": "252380158250",
            "id": "sgr-0ca60a7d34b820873",
            "region": "eu-north-1"
          },
          "dependencies": [
            "module.alb.aws_security_group.this",
            "module.vpc.aws_vpc.this"
          ]
        },
        {
          "index_key": "allow_https",
          "schema_version": 0,
          "attributes": {
            "arn": "arn:aws:ec2:eu-north-1:252380158250:security-group-rule/sgr-0e85a30c172fcdff0",
            "cidr_ipv4": "0.0.0.0/0",
            "cidr_ipv6": null,
            "description": "HTTPS web traffic from the internet",
            "from_port": 443,
            "id": "sgr-0e85a30c172fcdff0",
            "ip_protocol": "tcp",
            "prefix_list_id": null,
            "referenced_security_group_id": null,
            "region": "eu-north-1",
            "security_group_id": "sg-0934769ef929c9bfc",
            "security_group_rule_id": "sgr-0e85a30c172fcdff0",
            "tags": {
              "Environment": "Prod",
              "Name": "my-project-alb-allow_https",
              "Terraform": "True"
            },
            "tags_all": {
              "Environment": "Prod",
              "Name": "my-project-alb-allow_https",
              "Terraform": "True"
            },
            "to_port": 443
          },
          "sensitive_attributes": [],
          "identity_schema_version": 0,
          "identity": {
            "account_id": "252380158250",
            "id": "sgr-0e85a30c172fcdff0",
            "region": "eu-north-1"
          },
          "dependencies": [
            "module.alb.aws_security_group.this",
            "module.vpc.aws_vpc.this"
          ]
        }
      ]
    },
    {
      "module": "module.vpc",
      "mode": "data",
      "type": "aws_availability_zones",
      "name": "available",
      "provider": "provider[\"registry.terraform.io/hashicorp/aws\"]",
      "instances": [
        {
          "schema_version": 0,
          "attributes": {
            "all_availability_zones": null,
            "exclude_names": null,
            "exclude_zone_ids": null,
            "filter": null,
            "group_names": [
              "eu-north-1-zg-1"
            ],
            "id": "eu-north-1",
            "names": [
              "eu-north-1a",
              "eu-north-1b",
              "eu-north-1c"
            ],
            "region": "eu-north-1",
            "state": "available",
            "timeouts": null,
            "zone_ids": [
              "eun1-az1",
              "eun1-az2",
              "eun1-az3"
            ]
          },
          "sensitive_attributes": [],
          "identity_schema_version": 0
        }
      ]
    },
    {
      "module": "module.vpc",
      "mode": "managed",
      "type": "aws_internet_gateway",
      "name": "this",
      "provider": "provider[\"registry.terraform.io/hashicorp/aws\"]",
      "instances": [
        {
          "index_key": 0,
          "schema_version": 0,
          "attributes": {
            "arn": "arn:aws:ec2:eu-north-1:252380158250:internet-gateway/igw-0c33d6961d1e36821",
            "id": "igw-0c33d6961d1e36821",
            "owner_id": "252380158250",
            "region": "eu-north-1",
            "tags": {},
            "tags_all": {},
            "timeouts": null,
            "vpc_id": "vpc-0efbc2931189af811"
          },
          "sensitive_attributes": [],
          "identity_schema_version": 0,
          "private": "eyJlMmJmYjczMC1lY2FhLTExZTYtOGY4OC0zNDM2M2JjN2M0YzAiOnsiY3JlYXRlIjoxMjAwMDAwMDAwMDAwLCJkZWxldGUiOjEyMDAwMDAwMDAwMDAsInVwZGF0ZSI6MTIwMDAwMDAwMDAwMH19",
          "dependencies": [
            "module.vpc.aws_vpc.this"
          ]
        }
      ]
    },
    {
      "module": "module.vpc",
      "mode": "managed",
      "type": "aws_route_table",
      "name": "public_rtb",
      "provider": "provider[\"registry.terraform.io/hashicorp/aws\"]",
      "instances": [
        {
          "index_key": 0,
          "schema_version": 0,
          "attributes": {
            "arn": "arn:aws:ec2:eu-north-1:252380158250:route-table/rtb-077f5886f78efb1ee",
            "id": "rtb-077f5886f78efb1ee",
            "owner_id": "252380158250",
            "propagating_vgws": [],
            "region": "eu-north-1",
            "route": [
              {
                "carrier_gateway_id": "",
                "cidr_block": "0.0.0.0/0",
                "core_network_arn": "",
                "destination_prefix_list_id": "",
                "egress_only_gateway_id": "",
                "gateway_id": "igw-0c33d6961d1e36821",
                "ipv6_cidr_block": "",
                "local_gateway_id": "",
                "nat_gateway_id": "",
                "network_interface_id": "",
                "transit_gateway_id": "",
                "vpc_endpoint_id": "",
                "vpc_peering_connection_id": ""
              }
            ],
            "tags": {},
            "tags_all": {},
            "timeouts": null,
            "vpc_id": "vpc-0efbc2931189af811"
          },
          "sensitive_attributes": [],
          "identity_schema_version": 0,
          "identity": {
            "account_id": "252380158250",
            "id": "rtb-077f5886f78efb1ee",
            "region": "eu-north-1"
          },
          "private": "eyJlMmJmYjczMC1lY2FhLTExZTYtOGY4OC0zNDM2M2JjN2M0YzAiOnsiY3JlYXRlIjozMDAwMDAwMDAwMDAsImRlbGV0ZSI6MzAwMDAwMDAwMDAwLCJ1cGRhdGUiOjEyMDAwMDAwMDAwMH19",
          "dependencies": [
            "module.vpc.aws_internet_gateway.this",
            "module.vpc.aws_vpc.this"
          ]
        }
      ]
    },
    {
      "module": "module.vpc",
      "mode": "managed",
      "type": "aws_route_table_association",
      "name": "public",
      "provider": "provider[\"registry.terraform.io/hashicorp/aws\"]",
      "instances": [
        {
          "index_key": "subnet_1",
          "schema_version": 0,
          "attributes": {
            "gateway_id": "",
            "id": "rtbassoc-09b6aae7b397c7b60",
            "region": "eu-north-1",
            "route_table_id": "rtb-077f5886f78efb1ee",
            "subnet_id": "subnet-0e7a75daa2d4ff71e",
            "timeouts": null
          },
          "sensitive_attributes": [],
          "identity_schema_version": 0,
          "private": "eyJlMmJmYjczMC1lY2FhLTExZTYtOGY4OC0zNDM2M2JjN2M0YzAiOnsiY3JlYXRlIjozMDAwMDAwMDAwMDAsImRlbGV0ZSI6MzAwMDAwMDAwMDAwLCJ1cGRhdGUiOjEyMDAwMDAwMDAwMH19",
          "dependencies": [
            "module.vpc.aws_internet_gateway.this",
            "module.vpc.aws_route_table.public_rtb",
            "module.vpc.aws_subnet.this",
            "module.vpc.aws_vpc.this",
            "module.vpc.data.aws_availability_zones.available"
          ]
        },
        {
          "index_key": "subnet_2",
          "schema_version": 0,
          "attributes": {
            "gateway_id": "",
            "id": "rtbassoc-07577839ecc847ffd",
            "region": "eu-north-1",
            "route_table_id": "rtb-077f5886f78efb1ee",
            "subnet_id": "subnet-0756c4b9bfcf5ae52",
            "timeouts": null
          },
          "sensitive_attributes": [],
          "identity_schema_version": 0,
          "private": "eyJlMmJmYjczMC1lY2FhLTExZTYtOGY4OC0zNDM2M2JjN2M0YzAiOnsiY3JlYXRlIjozMDAwMDAwMDAwMDAsImRlbGV0ZSI6MzAwMDAwMDAwMDAwLCJ1cGRhdGUiOjEyMDAwMDAwMDAwMH19",
          "dependencies": [
            "module.vpc.aws_internet_gateway.this",
            "module.vpc.aws_route_table.public_rtb",
            "module.vpc.aws_subnet.this",
            "module.vpc.aws_vpc.this",
            "module.vpc.data.aws_availability_zones.available"
          ]
        }
      ]
    },
    {
      "module": "module.vpc",
      "mode": "managed",
      "type": "aws_subnet",
      "name": "this",
      "provider": "provider[\"registry.terraform.io/hashicorp/aws\"]",
      "instances": [
        {
          "index_key": "subnet_1",
          "schema_version": 1,
          "attributes": {
            "arn": "arn:aws:ec2:eu-north-1:252380158250:subnet/subnet-0e7a75daa2d4ff71e",
            "assign_ipv6_address_on_creation": false,
            "availability_zone": "eu-north-1a",
            "availability_zone_id": "eun1-az1",
            "cidr_block": "10.0.1.0/24",
            "customer_owned_ipv4_pool": "",
            "enable_dns64": false,
            "enable_lni_at_device_index": 0,
            "enable_resource_name_dns_a_record_on_launch": false,
            "enable_resource_name_dns_aaaa_record_on_launch": false,
            "id": "subnet-0e7a75daa2d4ff71e",
            "ipv4_ipam_pool_id": null,
            "ipv4_netmask_length": null,
            "ipv6_cidr_block": "",
            "ipv6_cidr_block_association_id": "",
            "ipv6_ipam_pool_id": null,
            "ipv6_native": false,
            "ipv6_netmask_length": null,
            "map_customer_owned_ip_on_launch": false,
            "map_public_ip_on_launch": true,
            "outpost_arn": "",
            "owner_id": "252380158250",
            "private_dns_hostname_type_on_launch": "ip-name",
            "region": "eu-north-1",
            "tags": {
              "Access": "Public",
              "Name": "subnet_1"
            },
            "tags_all": {
              "Access": "Public",
              "Name": "subnet_1"
            },
            "timeouts": null,
            "vpc_id": "vpc-0efbc2931189af811"
          },
          "sensitive_attributes": [],
          "identity_schema_version": 0,
          "identity": {
            "account_id": "252380158250",
            "id": "subnet-0e7a75daa2d4ff71e",
            "region": "eu-north-1"
          },
          "private": "eyJlMmJmYjczMC1lY2FhLTExZTYtOGY4OC0zNDM2M2JjN2M0YzAiOnsiY3JlYXRlIjo2MDAwMDAwMDAwMDAsImRlbGV0ZSI6MTIwMDAwMDAwMDAwMH0sInNjaGVtYV92ZXJzaW9uIjoiMSJ9",
          "dependencies": [
            "module.vpc.aws_vpc.this",
            "module.vpc.data.aws_availability_zones.available"
          ]
        },
        {
          "index_key": "subnet_2",
          "schema_version": 1,
          "attributes": {
            "arn": "arn:aws:ec2:eu-north-1:252380158250:subnet/subnet-0756c4b9bfcf5ae52",
            "assign_ipv6_address_on_creation": false,
            "availability_zone": "eu-north-1b",
            "availability_zone_id": "eun1-az2",
            "cidr_block": "10.0.2.0/24",
            "customer_owned_ipv4_pool": "",
            "enable_dns64": false,
            "enable_lni_at_device_index": 0,
            "enable_resource_name_dns_a_record_on_launch": false,
            "enable_resource_name_dns_aaaa_record_on_launch": false,
            "id": "subnet-0756c4b9bfcf5ae52",
            "ipv4_ipam_pool_id": null,
            "ipv4_netmask_length": null,
            "ipv6_cidr_block": "",
            "ipv6_cidr_block_association_id": "",
            "ipv6_ipam_pool_id": null,
            "ipv6_native": false,
            "ipv6_netmask_length": null,
            "map_customer_owned_ip_on_launch": false,
            "map_public_ip_on_launch": true,
            "outpost_arn": "",
            "owner_id": "252380158250",
            "private_dns_hostname_type_on_launch": "ip-name",
            "region": "eu-north-1",
            "tags": {
              "Access": "Public",
              "Name": "subnet_2"
            },
            "tags_all": {
              "Access": "Public",
              "Name": "subnet_2"
            },
            "timeouts": null,
            "vpc_id": "vpc-0efbc2931189af811"
          },
          "sensitive_attributes": [],
          "identity_schema_version": 0,
          "identity": {
            "account_id": "252380158250",
            "id": "subnet-0756c4b9bfcf5ae52",
            "region": "eu-north-1"
          },
          "private": "eyJlMmJmYjczMC1lY2FhLTExZTYtOGY4OC0zNDM2M2JjN2M0YzAiOnsiY3JlYXRlIjo2MDAwMDAwMDAwMDAsImRlbGV0ZSI6MTIwMDAwMDAwMDAwMH0sInNjaGVtYV92ZXJzaW9uIjoiMSJ9",
          "dependencies": [
            "module.vpc.aws_vpc.this",
            "module.vpc.data.aws_availability_zones.available"
          ]
        }
      ]
    },
    {
      "module": "module.vpc",
      "mode": "managed",
      "type": "aws_vpc",
      "name": "this",
      "provider": "provider[\"registry.terraform.io/hashicorp/aws\"]",
      "instances": [
        {
          "schema_version": 1,
          "attributes": {
            "arn": "arn:aws:ec2:eu-north-1:252380158250:vpc/vpc-0efbc2931189af811",
            "assign_generated_ipv6_cidr_block": false,
            "cidr_block": "10.0.0.0/16",
            "default_network_acl_id": "acl-0689a840bde975c1f",
            "default_route_table_id": "rtb-06c9c2b978e85ce13",
            "default_security_group_id": "sg-0629d09a6493fb0db",
            "dhcp_options_id": "dopt-08ac32c36619541ca",
            "enable_dns_hostnames": false,
            "enable_dns_support": true,
            "enable_network_address_usage_metrics": false,
            "id": "vpc-0efbc2931189af811",
            "instance_tenancy": "default",
            "ipv4_ipam_pool_id": null,
            "ipv4_netmask_length": null,
            "ipv6_association_id": "",
            "ipv6_cidr_block": "",
            "ipv6_cidr_block_network_border_group": "",
            "ipv6_ipam_pool_id": "",
            "ipv6_netmask_length": 0,
            "main_route_table_id": "rtb-06c9c2b978e85ce13",
            "owner_id": "252380158250",
            "region": "eu-north-1",
            "tags": {
              "Name": "Task13-VPC"
            },
            "tags_all": {
              "Name": "Task13-VPC"
            }
          },
          "sensitive_attributes": [],
          "identity_schema_version": 0,
          "identity": {
            "account_id": "252380158250",
            "id": "vpc-0efbc2931189af811",
            "region": "eu-north-1"
          },
          "private": "eyJzY2hlbWFfdmVyc2lvbiI6IjEifQ==",
          "create_before_destroy": true
        }
      ]
    }
  ],
  "check_results": [
    {
      "object_kind": "resource",
      "config_addr": "module.vpc.aws_subnet.this",
      "status": "pass",
      "objects": [
        {
          "object_addr": "module.vpc.aws_subnet.this[\"subnet_2\"]",
          "status": "pass"
        },
        {
          "object_addr": "module.vpc.aws_subnet.this[\"subnet_1\"]",
          "status": "pass"
        }
      ]
    },
    {
      "object_kind": "var",
      "config_addr": "module.vpc.var.vpc_config",
      "status": "pass",
      "objects": [
        {
          "object_addr": "module.vpc.var.vpc_config",
          "status": "pass"
        }
      ]
    },
    {
      "object_kind": "var",
      "config_addr": "module.vpc.var.subnet_config",
      "status": "pass",
      "objects": [
        {
          "object_addr": "module.vpc.var.subnet_config",
          "status": "pass"
        }
      ]
    }
  ]
}
