{
  "version": 4,
  "terraform_version": "1.14.6",
  "serial": 141,
  "lineage": "b813e376-957c-9e77-ff82-2eedb8a0d8ad",
  "outputs": {},
  "resources": [
    {
      "module": "module.alb",
      "mode": "managed",
      "type": "aws_lb",
      "name": "this",
      "provider": "provider[\"registry.terraform.io/hashicorp/aws\"]",
      "instances": [
        {
          "index_key": 0,
          "schema_version": 0,
          "attributes": {
            "access_logs": [
              {
                "bucket": "",
                "enabled": false,
                "prefix": ""
              }
            ],
            "arn": "arn:aws:elasticloadbalancing:eu-north-1:252380158250:loadbalancer/app/my-project-alb/a914724711a31df4",
            "arn_suffix": "app/my-project-alb/a914724711a31df4",
            "client_keep_alive": 3600,
            "connection_logs": [
              {
                "bucket": "",
                "enabled": false,
                "prefix": ""
              }
            ],
            "customer_owned_ipv4_pool": "",
            "desync_mitigation_mode": "defensive",
            "dns_name": "my-project-alb-204530508.eu-north-1.elb.amazonaws.com",
            "dns_record_client_routing_policy": null,
            "drop_invalid_header_fields": true,
            "enable_cross_zone_load_balancing": true,
            "enable_deletion_protection": true,
            "enable_http2": true,
            "enable_tls_version_and_cipher_suite_headers": false,
            "enable_waf_fail_open": false,
            "enable_xff_client_port": false,
            "enable_zonal_shift": false,
            "enforce_security_group_inbound_rules_on_private_link_traffic": "",
            "health_check_logs": [
              {
                "bucket": "",
                "enabled": false,
                "prefix": ""
              }
            ],
            "id": "arn:aws:elasticloadbalancing:eu-north-1:252380158250:loadbalancer/app/my-project-alb/a914724711a31df4",
            "idle_timeout": 60,
            "internal": false,
            "ip_address_type": "ipv4",
            "ipam_pools": [],
            "load_balancer_type": "application",
            "minimum_load_balancer_capacity": [],
            "name": "my-project-alb",
            "name_prefix": "",
            "preserve_host_header": false,
            "region": "eu-north-1",
            "secondary_ips_auto_assigned_per_subnet": null,
            "security_groups": [
              "sg-015c38c0a5655c6fd"
            ],
            "subnet_mapping": [
              {
                "allocation_id": "",
                "ipv6_address": "",
                "outpost_id": "",
                "private_ipv4_address": "",
                "subnet_id": "subnet-056f850d5bc758241"
              },
              {
                "allocation_id": "",
                "ipv6_address": "",
                "outpost_id": "",
                "private_ipv4_address": "",
                "subnet_id": "subnet-0cf381293b7912f3a"
              }
            ],
            "subnets": [
              "subnet-056f850d5bc758241",
              "subnet-0cf381293b7912f3a"
            ],
            "tags": {
              "Environment": "Prod",
              "Name": "NLB-Example",
              "Terraform": "True"
            },
            "tags_all": {
              "Environment": "Prod",
              "Name": "NLB-Example",
              "Terraform": "True"
            },
            "timeouts": null,
            "vpc_id": "vpc-0ba5df57cf8be52ec",
            "xff_header_processing_mode": "append",
            "zone_id": "Z23TAZ6LKFMNIO"
          },
          "sensitive_attributes": [],
          "identity_schema_version": 0,
          "identity": {
            "arn": "arn:aws:elasticloadbalancing:eu-north-1:252380158250:loadbalancer/app/my-project-alb/a914724711a31df4"
          },
          "private": "eyJlMmJmYjczMC1lY2FhLTExZTYtOGY4OC0zNDM2M2JjN2M0YzAiOnsiY3JlYXRlIjo2MDAwMDAwMDAwMDAsImRlbGV0ZSI6NjAwMDAwMDAwMDAwLCJ1cGRhdGUiOjYwMDAwMDAwMDAwMH19",
          "dependencies": [
            "module.alb.aws_security_group.this",
            "module.vpc.aws_subnet.this",
            "module.vpc.aws_vpc.this",
            "module.vpc.data.aws_availability_zones.available"
          ]
        }
      ]
    },
    {
      "module": "module.alb",
      "mode": "managed",
      "type": "aws_security_group",
      "name": "this",
      "provider": "provider[\"registry.terraform.io/hashicorp/aws\"]",
      "instances": [
        {
          "index_key": 0,
          "schema_version": 1,
          "attributes": {
            "arn": "arn:aws:ec2:eu-north-1:252380158250:security-group/sg-015c38c0a5655c6fd",
            "description": "Security group for my-project-alb application load balancer",
            "egress": [],
            "id": "sg-015c38c0a5655c6fd",
            "ingress": [],
            "name": "my-project-alb-20260306212248159300000001",
            "name_prefix": "my-project-alb-",
            "owner_id": "252380158250",
            "region": "eu-north-1",
            "revoke_rules_on_delete": false,
            "tags": {
              "Environment": "Prod",
              "Name": "NLB-Example",
              "Terraform": "True"
            },
            "tags_all": {
              "Environment": "Prod",
              "Name": "NLB-Example",
              "Terraform": "True"
            },
            "timeouts": null,
            "vpc_id": "vpc-0ba5df57cf8be52ec"
          },
          "sensitive_attributes": [],
          "identity_schema_version": 0,
          "identity": {
            "account_id": "252380158250",
            "id": "sg-015c38c0a5655c6fd",
            "region": "eu-north-1"
          },
          "private": "eyJlMmJmYjczMC1lY2FhLTExZTYtOGY4OC0zNDM2M2JjN2M0YzAiOnsiY3JlYXRlIjo2MDAwMDAwMDAwMDAsImRlbGV0ZSI6OTAwMDAwMDAwMDAwfSwic2NoZW1hX3ZlcnNpb24iOiIxIn0=",
          "dependencies": [
            "module.vpc.aws_vpc.this"
          ],
          "create_before_destroy": true
        }
      ]
    },
    {
      "module": "module.vpc",
      "mode": "data",
      "type": "aws_availability_zones",
      "name": "available",
      "provider": "provider[\"registry.terraform.io/hashicorp/aws\"]",
      "instances": [
        {
          "schema_version": 0,
          "attributes": {
            "all_availability_zones": null,
            "exclude_names": null,
            "exclude_zone_ids": null,
            "filter": null,
            "group_names": [
              "eu-north-1-zg-1"
            ],
            "id": "eu-north-1",
            "names": [
              "eu-north-1a",
              "eu-north-1b",
              "eu-north-1c"
            ],
            "region": "eu-north-1",
            "state": "available",
            "timeouts": null,
            "zone_ids": [
              "eun1-az1",
              "eun1-az2",
              "eun1-az3"
            ]
          },
          "sensitive_attributes": [],
          "identity_schema_version": 0
        }
      ]
    },
    {
      "module": "module.vpc",
      "mode": "managed",
      "type": "aws_subnet",
      "name": "this",
      "provider": "provider[\"registry.terraform.io/hashicorp/aws\"]",
      "instances": [
        {
          "index_key": "subnet_1",
          "schema_version": 1,
          "attributes": {
            "arn": "arn:aws:ec2:eu-north-1:252380158250:subnet/subnet-056f850d5bc758241",
            "assign_ipv6_address_on_creation": false,
            "availability_zone": "eu-north-1a",
            "availability_zone_id": "eun1-az1",
            "cidr_block": "10.0.1.0/24",
            "customer_owned_ipv4_pool": "",
            "enable_dns64": false,
            "enable_lni_at_device_index": 0,
            "enable_resource_name_dns_a_record_on_launch": false,
            "enable_resource_name_dns_aaaa_record_on_launch": false,
            "id": "subnet-056f850d5bc758241",
            "ipv4_ipam_pool_id": null,
            "ipv4_netmask_length": null,
            "ipv6_cidr_block": "",
            "ipv6_cidr_block_association_id": "",
            "ipv6_ipam_pool_id": null,
            "ipv6_native": false,
            "ipv6_netmask_length": null,
            "map_customer_owned_ip_on_launch": false,
            "map_public_ip_on_launch": false,
            "outpost_arn": "",
            "owner_id": "252380158250",
            "private_dns_hostname_type_on_launch": "ip-name",
            "region": "eu-north-1",
            "tags": {
              "Access": "Public",
              "Name": "subnet_1"
            },
            "tags_all": {
              "Access": "Public",
              "Name": "subnet_1"
            },
            "timeouts": null,
            "vpc_id": "vpc-0ba5df57cf8be52ec"
          },
          "sensitive_attributes": [],
          "identity_schema_version": 0,
          "identity": {
            "account_id": "252380158250",
            "id": "subnet-056f850d5bc758241",
            "region": "eu-north-1"
          },
          "private": "eyJlMmJmYjczMC1lY2FhLTExZTYtOGY4OC0zNDM2M2JjN2M0YzAiOnsiY3JlYXRlIjo2MDAwMDAwMDAwMDAsImRlbGV0ZSI6MTIwMDAwMDAwMDAwMH0sInNjaGVtYV92ZXJzaW9uIjoiMSJ9",
          "dependencies": [
            "module.vpc.aws_vpc.this",
            "module.vpc.data.aws_availability_zones.available"
          ]
        },
        {
          "index_key": "subnet_2",
          "schema_version": 1,
          "attributes": {
            "arn": "arn:aws:ec2:eu-north-1:252380158250:subnet/subnet-0cf381293b7912f3a",
            "assign_ipv6_address_on_creation": false,
            "availability_zone": "eu-north-1b",
            "availability_zone_id": "eun1-az2",
            "cidr_block": "10.0.2.0/24",
            "customer_owned_ipv4_pool": "",
            "enable_dns64": false,
            "enable_lni_at_device_index": 0,
            "enable_resource_name_dns_a_record_on_launch": false,
            "enable_resource_name_dns_aaaa_record_on_launch": false,
            "id": "subnet-0cf381293b7912f3a",
            "ipv4_ipam_pool_id": null,
            "ipv4_netmask_length": null,
            "ipv6_cidr_block": "",
            "ipv6_cidr_block_association_id": "",
            "ipv6_ipam_pool_id": null,
            "ipv6_native": false,
            "ipv6_netmask_length": null,
            "map_customer_owned_ip_on_launch": false,
            "map_public_ip_on_launch": false,
            "outpost_arn": "",
            "owner_id": "252380158250",
            "private_dns_hostname_type_on_launch": "ip-name",
            "region": "eu-north-1",
            "tags": {
              "Access": "Public",
              "Name": "subnet_2"
            },
            "tags_all": {
              "Access": "Public",
              "Name": "subnet_2"
            },
            "timeouts": null,
            "vpc_id": "vpc-0ba5df57cf8be52ec"
          },
          "sensitive_attributes": [],
          "identity_schema_version": 0,
          "identity": {
            "account_id": "252380158250",
            "id": "subnet-0cf381293b7912f3a",
            "region": "eu-north-1"
          },
          "private": "eyJlMmJmYjczMC1lY2FhLTExZTYtOGY4OC0zNDM2M2JjN2M0YzAiOnsiY3JlYXRlIjo2MDAwMDAwMDAwMDAsImRlbGV0ZSI6MTIwMDAwMDAwMDAwMH0sInNjaGVtYV92ZXJzaW9uIjoiMSJ9",
          "dependencies": [
            "module.vpc.aws_vpc.this",
            "module.vpc.data.aws_availability_zones.available"
          ]
        }
      ]
    },
    {
      "module": "module.vpc",
      "mode": "managed",
      "type": "aws_vpc",
      "name": "this",
      "provider": "provider[\"registry.terraform.io/hashicorp/aws\"]",
      "instances": [
        {
          "schema_version": 1,
          "attributes": {
            "arn": "arn:aws:ec2:eu-north-1:252380158250:vpc/vpc-0ba5df57cf8be52ec",
            "assign_generated_ipv6_cidr_block": false,
            "cidr_block": "10.0.0.0/16",
            "default_network_acl_id": "acl-0f29af894401d9182",
            "default_route_table_id": "rtb-0a77dd22888267289",
            "default_security_group_id": "sg-0103e4bf53ec36bfe",
            "dhcp_options_id": "dopt-08ac32c36619541ca",
            "enable_dns_hostnames": false,
            "enable_dns_support": true,
            "enable_network_address_usage_metrics": false,
            "id": "vpc-0ba5df57cf8be52ec",
            "instance_tenancy": "default",
            "ipv4_ipam_pool_id": null,
            "ipv4_netmask_length": null,
            "ipv6_association_id": "",
            "ipv6_cidr_block": "",
            "ipv6_cidr_block_network_border_group": "",
            "ipv6_ipam_pool_id": "",
            "ipv6_netmask_length": 0,
            "main_route_table_id": "rtb-0a77dd22888267289",
            "owner_id": "252380158250",
            "region": "eu-north-1",
            "tags": {
              "Name": "Task13-VPC"
            },
            "tags_all": {
              "Name": "Task13-VPC"
            }
          },
          "sensitive_attributes": [],
          "identity_schema_version": 0,
          "identity": {
            "account_id": "252380158250",
            "id": "vpc-0ba5df57cf8be52ec",
            "region": "eu-north-1"
          },
          "private": "eyJzY2hlbWFfdmVyc2lvbiI6IjEifQ==",
          "create_before_destroy": true
        }
      ]
    }
  ],
  "check_results": [
    {
      "object_kind": "var",
      "config_addr": "module.vpc.var.subnet_config",
      "status": "unknown",
      "objects": null
    },
    {
      "object_kind": "resource",
      "config_addr": "module.vpc.aws_subnet.this",
      "status": "unknown",
      "objects": null
    },
    {
      "object_kind": "var",
      "config_addr": "module.vpc.var.vpc_config",
      "status": "unknown",
      "objects": null
    }
  ]
}
